// !$*UTF8*$!
{
	archiveVersion = 1;
	classes = {
	};
	objectVersion = 50;
	objects = {

/* Begin PBXBuildFile section */
		84426CF624C9F3E800320CCE /* AppDelegate.swift in Sources */ = {isa = PBXBuildFile; fileRef = 84426CF524C9F3E800320CCE /* AppDelegate.swift */; };
		84426CF824C9F3E800320CCE /* SceneDelegate.swift in Sources */ = {isa = PBXBuildFile; fileRef = 84426CF724C9F3E800320CCE /* SceneDelegate.swift */; };
		84426CFA24C9F3E800320CCE /* ViewController.swift in Sources */ = {isa = PBXBuildFile; fileRef = 84426CF924C9F3E800320CCE /* ViewController.swift */; };
		84426CFD24C9F3E800320CCE /* Main.storyboard in Resources */ = {isa = PBXBuildFile; fileRef = 84426CFB24C9F3E800320CCE /* Main.storyboard */; };
		84426CFF24C9F3EA00320CCE /* Assets.xcassets in Resources */ = {isa = PBXBuildFile; fileRef = 84426CFE24C9F3EA00320CCE /* Assets.xcassets */; };
		84426D0224C9F3EA00320CCE /* LaunchScreen.storyboard in Resources */ = {isa = PBXBuildFile; fileRef = 84426D0024C9F3EA00320CCE /* LaunchScreen.storyboard */; };
/* End PBXBuildFile section */

/* Begin PBXFileReference section */
		84426CF224C9F3E800320CCE /* LoactionSample.app */ = {isa = PBXFileReference; explicitFileType = wrapper.application; includeInIndex = 0; path = LoactionSample.app; sourceTree = BUILT_PRODUCTS_DIR; };
		84426CF524C9F3E800320CCE /* AppDelegate.swift */ = {isa = PBXFileReference; lastKnownFileType = sourcecode.swift; path = AppDelegate.swift; sourceTree = "<group>"; };
		84426CF724C9F3E800320CCE /* SceneDelegate.swift */ = {isa = PBXFileReference; lastKnownFileType = sourcecode.swift; path = SceneDelegate.swift; sourceTree = "<group>"; };
		84426CF924C9F3E800320CCE /* ViewController.swift */ = {isa = PBXFileReference; lastKnownFileType = sourcecode.swift; path = ViewController.swift; sourceTree = "<group>"; };
		84426CFC24C9F3E800320CCE /* Base */ = {isa = PBXFileReference; lastKnownFileType = file.storyboard; name = Base; path = Base.lproj/Main.storyboard; sourceTree = "<group>"; };
		84426CFE24C9F3EA00320CCE /* Assets.xcassets */ = {isa = PBXFileReference; lastKnownFileType = folder.assetcatalog; path = Assets.xcassets; sourceTree = "<group>"; };
		84426D0124C9F3EA00320CCE /* Base */ = {isa = PBXFileReference; lastKnownFileType = file.storyboard; name = Base; path = Base.lproj/LaunchScreen.storyboard; sourceTree = "<group>"; };
		84426D0324C9F3EA00320CCE /* Info.plist */ = {isa = PBXFileReference; lastKnownFileType = text.plist.xml; path = Info.plist; sourceTree = "<group>"; };
/* End PBXFileReference section */

/* Begin PBXFrameworksBuildPhase section */
		84426CEF24C9F3E800320CCE /* Frameworks */ = {
			isa = PBXFrameworksBuildPhase;
			buildActionMask = 2147483647;
			files = (
			);
			runOnlyForDeploymentPostprocessing = 0;
		};
/* End PBXFrameworksBuildPhase section */

/* Begin PBXGroup section */
		84426CE924C9F3E800320CCE = {
			isa = PBXGroup;
			children = (
				84426CF424C9F3E800320CCE /* LoactionSample */,
				84426CF324C9F3E800320CCE /* Products */,
			);
			sourceTree = "<group>";
		};
		84426CF324C9F3E800320CCE /* Products */ = {
			isa = PBXGroup;
			children = (
				84426CF224C9F3E800320CCE /* LoactionSample.app */,
			);
			name = Products;
			sourceTree = "<group>";
		};
		84426CF424C9F3E800320CCE /* LoactionSample */ = {
			isa = PBXGroup;
			children = (
				84426D0924C9F3F900320CCE /* SupportingFiles */,
				84426CF924C9F3E800320CCE /* ViewController.swift */,
				84426CFB24C9F3E800320CCE /* Main.storyboard */,
				84426CFE24C9F3EA00320CCE /* Assets.xcassets */,
				84426D0324C9F3EA00320CCE /* Info.plist */,
			);
			path = LoactionSample;
			sourceTree = "<group>";
		};
		84426D0924C9F3F900320CCE /* SupportingFiles */ = {
			isa = PBXGroup;
			children = (
				84426CF524C9F3E800320CCE /* AppDelegate.swift */,
				84426CF724C9F3E800320CCE /* SceneDelegate.swift */,
				84426D0024C9F3EA00320CCE /* LaunchScreen.storyboard */,
			);
			path = SupportingFiles;
			sourceTree = "<group>";
		};
/* End PBXGroup section */

/* Begin PBXNativeTarget section */
		84426CF124C9F3E800320CCE /* LoactionSample */ = {
			isa = PBXNativeTarget;
			buildConfigurationList = 84426D0624C9F3EA00320CCE /* Build configuration list for PBXNativeTarget "LoactionSample" */;
			buildPhases = (
				84426CEE24C9F3E800320CCE /* Sources */,
				84426CEF24C9F3E800320CCE /* Frameworks */,
				84426CF024C9F3E800320CCE /* Resources */,
			);
			buildRules = (
			);
			dependencies = (
			);
			name = LoactionSample;
			productName = LoactionSample;
			productReference = 84426CF224C9F3E800320CCE /* LoactionSample.app */;
			productType = "com.apple.product-type.application";
		};
/* End PBXNativeTarget section */

/* Begin PBXProject section */
		84426CEA24C9F3E800320CCE /* Project object */ = {
			isa = PBXProject;
			attributes = {
				LastSwiftUpdateCheck = 1140;
				LastUpgradeCheck = 1140;
				ORGANIZATIONNAME = admin;
				TargetAttributes = {
					84426CF124C9F3E800320CCE = {
						CreatedOnToolsVersion = 11.4.1;
					};
				};
			};
			buildConfigurationList = 84426CED24C9F3E800320CCE /* Build configuration list for PBXProject "LoactionSample" */;
			compatibilityVersion = "Xcode 9.3";
			developmentRegion = en;
			hasScannedForEncodings = 0;
			knownRegions = (
				en,
				Base,
			);
			mainGroup = 84426CE924C9F3E800320CCE;
			productRefGroup = 84426CF324C9F3E800320CCE /* Products */;
			projectDirPath = "";
			projectRoot = "";
			targets = (
				84426CF124C9F3E800320CCE /* LoactionSample */,
			);
		};
/* End PBXProject section */

/* Begin PBXResourcesBuildPhase section */
		84426CF024C9F3E800320CCE /* Resources */ = {
			isa = PBXResourcesBuildPhase;
			buildActionMask = 2147483647;
			files = (
				84426D0224C9F3EA00320CCE /* LaunchScreen.storyboard in Resources */,
				84426CFF24C9F3EA00320CCE /* Assets.xcassets in Resources */,
				84426CFD24C9F3E800320CCE /* Main.storyboard in Resources */,
			);
			runOnlyForDeploymentPostprocessing = 0;
		};
/* End PBXResourcesBuildPhase section */

/* Begin PBXSourcesBuildPhase section */
		84426CEE24C9F3E800320CCE /* Sources */ = {
			isa = PBXSourcesBuildPhase;
			buildActionMask = 2147483647;
			files = (
				84426CFA24C9F3E800320CCE /* ViewController.swift in Sources */,
				84426CF624C9F3E800320CCE /* AppDelegate.swift in Sources */,
				84426CF824C9F3E800320CCE /* SceneDelegate.swift in Sources */,
			);
			runOnlyForDeploymentPostprocessing = 0;
		};
/* End PBXSourcesBuildPhase section */

/* Begin PBXVariantGroup section */
		84426CFB24C9F3E800320CCE /* Main.storyboard */ = {
			isa = PBXVariantGroup;
			children = (
				84426CFC24C9F3E800320CCE /* Base */,
			);
			name = Main.storyboard;
			sourceTree = "<group>";
		};
		84426D0024C9F3EA00320CCE /* LaunchScreen.storyboard */ = {
			isa = PBXVariantGroup;
			children = (
				84426D0124C9F3EA00320CCE /* Base */,
			);
			name = LaunchScreen.storyboard;
			sourceTree = "<group>";
		};
/* End PBXVariantGroup section */

/* Begin XCBuildConfiguration section */
		84426D0424C9F3EA00320CCE /* Debug */ = {
			isa = XCBuildConfiguration;
			buildSettings = {
				ALWAYS_SEARCH_USER_PATHS = NO;
				CLANG_ANALYZER_NONNULL = YES;
				CLANG_ANALYZER_NUMBER_OBJECT_CONVERSION = YES_AGGRESSIVE;
				CLANG_CXX_LANGUAGE_STANDARD = "gnu++14";
				CLANG_CXX_LIBRARY = "libc++";
				CLANG_ENABLE_MODULES = YES;
				CLANG_ENABLE_OBJC_ARC = YES;
				CLANG_ENABLE_OBJC_WEAK = YES;
				CLANG_WARN_BLOCK_CAPTURE_AUTORELEASING = YES;
				CLANG_WARN_BOOL_CONVERSION = YES;
				CLANG_WARN_COMMA = YES;
				CLANG_WARN_CONSTANT_CONVERSION = YES;
				CLANG_WARN_DEPRECATED_OBJC_IMPLEMENTATIONS = YES;
				CLANG_WARN_DIRECT_OBJC_ISA_USAGE = YES_ERROR;
				CLANG_WARN_DOCUMENTATION_COMMENTS = YES;
				CLANG_WARN_EMPTY_BODY = YES;
				CLANG_WARN_ENUM_CONVERSION = YES;
				CLANG_WARN_INFINITE_RECURSION = YES;
				CLANG_WARN_INT_CONVERSION = YES;
				CLANG_WARN_NON_LITERAL_NULL_CONVERSION = YES;
				CLANG_WARN_OBJC_IMPLICIT_RETAIN_SELF = YES;
				CLANG_WARN_OBJC_LITERAL_CONVERSION = YES;
				CLANG_WARN_OBJC_ROOT_CLASS = YES_ERROR;
				CLANG_WARN_RANGE_LOOP_ANALYSIS = YES;
				CLANG_WARN_STRICT_PROTOTYPES = YES;
				CLANG_WARN_SUSPICIOUS_MOVE = YES;
				CLANG_WARN_UNGUARDED_AVAILABILITY = YES_AGGRESSIVE;
				CLANG_WARN_UNREACHABLE_CODE = YES;
				CLANG_WARN__DUPLICATE_METHOD_MATCH = YES;
				COPY_PHASE_STRIP = NO;
				DEBUG_INFORMATION_FORMAT = dwarf;
				ENABLE_STRICT_OBJC_MSGSEND = YES;
				ENABLE_TESTABILITY = YES;
				GCC_C_LANGUAGE_STANDARD = gnu11;
				GCC_DYNAMIC_NO_PIC = NO;
				GCC_NO_COMMON_BLOCKS = YES;
				GCC_OPTIMIZATION_LEVEL = 0;
				GCC_PREPROCESSOR_DEFINITIONS = (
					"DEBUG=1",
					"$(inherited)",
				);
				GCC_WARN_64_TO_32_BIT_CONVERSION = YES;
				GCC_WARN_ABOUT_RETURN_TYPE = YES_ERROR;
				GCC_WARN_UNDECLARED_SELECTOR = YES;
				GCC_WARN_UNINITIALIZED_AUTOS = YES_AGGRESSIVE;
				GCC_WARN_UNUSED_FUNCTION = YES;
				GCC_WARN_UNUSED_VARIABLE = YES;
				IPHONEOS_DEPLOYMENT_TARGET = 13.4;
				MTL_ENABLE_DEBUG_INFO = INCLUDE_SOURCE;
				MTL_FAST_MATH = YES;
				ONLY_ACTIVE_ARCH = YES;
				SDKROOT = iphoneos;
				SWIFT_ACTIVE_COMPILATION_CONDITIONS = DEBUG;
				SWIFT_OPTIMIZATION_LEVEL = "-Onone";
			};
			name = Debug;
		};
		84426D0524C9F3EA00320CCE /* Release */ = {
			isa = XCBuildConfiguration;
			buildSettings = {
				ALWAYS_SEARCH_USER_PATHS = NO;
				CLANG_ANALYZER_NONNULL = YES;
				CLANG_ANALYZER_NUMBER_OBJECT_CONVERSION = YES_AGGRESSIVE;
				CLANG_CXX_LANGUAGE_STANDARD = "gnu++14";
				CLANG_CXX_LIBRARY = "libc++";
				CLANG_ENABLE_MODULES = YES;
				CLANG_ENABLE_OBJC_ARC = YES;
				CLANG_ENABLE_OBJC_WEAK = YES;
				CLANG_WARN_BLOCK_CAPTURE_AUTORELEASING = YES;
				CLANG_WARN_BOOL_CONVERSION = YES;
				CLANG_WARN_COMMA = YES;
				CLANG_WARN_CONSTANT_CONVERSION = YES;
				CLANG_WARN_DEPRECATED_OBJC_IMPLEMENTATIONS = YES;
				CLANG_WARN_DIRECT_OBJC_ISA_USAGE = YES_ERROR;
				CLANG_WARN_DOCUMENTATION_COMMENTS = YES;
				CLANG_WARN_EMPTY_BODY = YES;
				CLANG_WARN_ENUM_CONVERSION = YES;
				CLANG_WARN_INFINITE_RECURSION = YES;
				CLANG_WARN_INT_CONVERSION = YES;
				CLANG_WARN_NON_LITERAL_NULL_CONVERSION = YES;
				CLANG_WARN_OBJC_IMPLICIT_RETAIN_SELF = YES;
				CLANG_WARN_OBJC_LITERAL_CONVERSION = YES;
				CLANG_WARN_OBJC_ROOT_CLASS = YES_ERROR;
				CLANG_WARN_RANGE_LOOP_ANALYSIS = YES;
				CLANG_WARN_STRICT_PROTOTYPES = YES;
				CLANG_WARN_SUSPICIOUS_MOVE = YES;
				CLANG_WARN_UNGUARDED_AVAILABILITY = YES_AGGRESSIVE;
				CLANG_WARN_UNREACHABLE_CODE = YES;
				CLANG_WARN__DUPLICATE_METHOD_MATCH = YES;
				COPY_PHASE_STRIP = NO;
				DEBUG_INFORMATION_FORMAT = "dwarf-with-dsym";
				ENABLE_NS_ASSERTIONS = NO;
				ENABLE_STRICT_OBJC_MSGSEND = YES;
				GCC_C_LANGUAGE_STANDARD = gnu11;
				GCC_NO_COMMON_BLOCKS = YES;
				GCC_WARN_64_TO_32_BIT_CONVERSION = YES;
				GCC_WARN_ABOUT_RETURN_TYPE = YES_ERROR;
				GCC_WARN_UNDECLARED_SELECTOR = YES;
				GCC_WARN_UNINITIALIZED_AUTOS = YES_AGGRESSIVE;
				GCC_WARN_UNUSED_FUNCTION = YES;
				GCC_WARN_UNUSED_VARIABLE = YES;
				IPHONEOS_DEPLOYMENT_TARGET = 13.4;
				MTL_ENABLE_DEBUG_INFO = NO;
				MTL_FAST_MATH = YES;
				SDKROOT = iphoneos;
				SWIFT_COMPILATION_MODE = wholemodule;
				SWIFT_OPTIMIZATION_LEVEL = "-O";
				VALIDATE_PRODUCT = YES;
			};
			name = Release;
		};
		84426D0724C9F3EA00320CCE /* Debug */ = {
			isa = XCBuildConfiguration;
			buildSettings = {
				ASSETCATALOG_COMPILER_APPICON_NAME = AppIcon;
				CODE_SIGN_STYLE = Automatic;
				DEVELOPMENT_TEAM = LAWZ543W95;
				INFOPLIST_FILE = LoactionSample/Info.plist;
				LD_RUNPATH_SEARCH_PATHS = (
					"$(inherited)",
					"@executable_path/Frameworks",
				);
				PRODUCT_BUNDLE_IDENTIFIER = com.bridgelabz.LoactionSample;
				PRODUCT_NAME = "$(TARGET_NAME)";
				SWIFT_VERSION = 5.0;
				TARGETED_DEVICE_FAMILY = "1,2";
			};
			name = Debug;
		};
		84426D0824C9F3EA00320CCE /* Release */ = {
			isa = XCBuildConfiguration;
			buildSettings = {
				ASSETCATALOG_COMPILER_APPICON_NAME = AppIcon;
				CODE_SIGN_STYLE = Automatic;
				DEVELOPMENT_TEAM = LAWZ543W95;
				INFOPLIST_FILE = LoactionSample/Info.plist;
				LD_RUNPATH_SEARCH_PATHS = (
					"$(inherited)",
					"@executable_path/Frameworks",
				);
				PRODUCT_BUNDLE_IDENTIFIER = com.bridgelabz.LoactionSample;
				PRODUCT_NAME = "$(TARGET_NAME)";
				SWIFT_VERSION = 5.0;
				TARGETED_DEVICE_FAMILY = "1,2";
			};
			name = Release;
		};
/* End XCBuildConfiguration section */

/* Begin XCConfigurationList section */
		84426CED24C9F3E800320CCE /* Build configuration list for PBXProject "LoactionSample" */ = {
			isa = XCConfigurationList;
			buildConfigurations = (
				84426D0424C9F3EA00320CCE /* Debug */,
				84426D0524C9F3EA00320CCE /* Release */,
			);
			defaultConfigurationIsVisible = 0;
			defaultConfigurationName = Release;
		};
		84426D0624C9F3EA00320CCE /* Build configuration list for PBXNativeTarget "LoactionSample" */ = {
			isa = XCConfigurationList;
			buildConfigurations = (
				84426D0724C9F3EA00320CCE /* Debug */,
				84426D0824C9F3EA00320CCE /* Release */,
			);
			defaultConfigurationIsVisible = 0;
			defaultConfigurationName = Release;
		};
/* End XCConfigurationList section */
	};
	rootObject = 84426CEA24C9F3E800320CCE /* Project object */;
}
